// !$*UTF8*$!
{
	archiveVersion = 1;
	classes = {
	};
	objectVersion = 48;
	objects = {

/* Begin PBXBuildFile section */
		046C76602002DD3100BF9F69 /* StartGameViewController.swift in Sources */ = {isa = PBXBuildFile; fileRef = 046C765F2002DD3100BF9F69 /* StartGameViewController.swift */; };
		04D961F91FF43D3D0063D7AF /* AppDelegate.swift in Sources */ = {isa = PBXBuildFile; fileRef = 04D961F81FF43D3D0063D7AF /* AppDelegate.swift */; };
		04D961FB1FF43D3D0063D7AF /* art.scnassets in Resources */ = {isa = PBXBuildFile; fileRef = 04D961FA1FF43D3D0063D7AF /* art.scnassets */; };
		04D961FD1FF43D3D0063D7AF /* ViewController.swift in Sources */ = {isa = PBXBuildFile; fileRef = 04D961FC1FF43D3D0063D7AF /* ViewController.swift */; };
		04D962001FF43D3D0063D7AF /* Main.storyboard in Resources */ = {isa = PBXBuildFile; fileRef = 04D961FE1FF43D3D0063D7AF /* Main.storyboard */; };
		04D962021FF43D3D0063D7AF /* Assets.xcassets in Resources */ = {isa = PBXBuildFile; fileRef = 04D962011FF43D3D0063D7AF /* Assets.xcassets */; };
		04D962051FF43D3D0063D7AF /* LaunchScreen.storyboard in Resources */ = {isa = PBXBuildFile; fileRef = 04D962031FF43D3D0063D7AF /* LaunchScreen.storyboard */; };
		04D962101FF43D3D0063D7AF /* first_ar_projectTests.swift in Sources */ = {isa = PBXBuildFile; fileRef = 04D9620F1FF43D3D0063D7AF /* first_ar_projectTests.swift */; };
		04D9621B1FF43D3E0063D7AF /* first_ar_projectUITests.swift in Sources */ = {isa = PBXBuildFile; fileRef = 04D9621A1FF43D3E0063D7AF /* first_ar_projectUITests.swift */; };
/* End PBXBuildFile section */

/* Begin PBXContainerItemProxy section */
		04D9620C1FF43D3D0063D7AF /* PBXContainerItemProxy */ = {
			isa = PBXContainerItemProxy;
			containerPortal = 04D961ED1FF43D3D0063D7AF /* Project object */;
			proxyType = 1;
			remoteGlobalIDString = 04D961F41FF43D3D0063D7AF;
			remoteInfo = "first ar project";
		};
		04D962171FF43D3E0063D7AF /* PBXContainerItemProxy */ = {
			isa = PBXContainerItemProxy;
			containerPortal = 04D961ED1FF43D3D0063D7AF /* Project object */;
			proxyType = 1;
			remoteGlobalIDString = 04D961F41FF43D3D0063D7AF;
			remoteInfo = "first ar project";
		};
/* End PBXContainerItemProxy section */

/* Begin PBXFileReference section */
		046C765F2002DD3100BF9F69 /* StartGameViewController.swift */ = {isa = PBXFileReference; lastKnownFileType = sourcecode.swift; path = StartGameViewController.swift; sourceTree = "<group>"; };
		04D961F51FF43D3D0063D7AF /* first ar project.app */ = {isa = PBXFileReference; explicitFileType = wrapper.application; includeInIndex = 0; path = "first ar project.app"; sourceTree = BUILT_PRODUCTS_DIR; };
		04D961F81FF43D3D0063D7AF /* AppDelegate.swift */ = {isa = PBXFileReference; lastKnownFileType = sourcecode.swift; path = AppDelegate.swift; sourceTree = "<group>"; };
		04D961FA1FF43D3D0063D7AF /* art.scnassets */ = {isa = PBXFileReference; lastKnownFileType = wrapper.scnassets; path = art.scnassets; sourceTree = "<group>"; };
		04D961FC1FF43D3D0063D7AF /* ViewController.swift */ = {isa = PBXFileReference; lastKnownFileType = sourcecode.swift; path = ViewController.swift; sourceTree = "<group>"; };
		04D961FF1FF43D3D0063D7AF /* Base */ = {isa = PBXFileReference; lastKnownFileType = file.storyboard; name = Base; path = Base.lproj/Main.storyboard; sourceTree = "<group>"; };
		04D962011FF43D3D0063D7AF /* Assets.xcassets */ = {isa = PBXFileReference; lastKnownFileType = folder.assetcatalog; path = Assets.xcassets; sourceTree = "<group>"; };
		04D962041FF43D3D0063D7AF /* Base */ = {isa = PBXFileReference; lastKnownFileType = file.storyboard; name = Base; path = Base.lproj/LaunchScreen.storyboard; sourceTree = "<group>"; };
		04D962061FF43D3D0063D7AF /* Info.plist */ = {isa = PBXFileReference; lastKnownFileType = text.plist.xml; path = Info.plist; sourceTree = "<group>"; };
		04D9620B1FF43D3D0063D7AF /* first ar projectTests.xctest */ = {isa = PBXFileReference; explicitFileType = wrapper.cfbundle; includeInIndex = 0; path = "first ar projectTests.xctest"; sourceTree = BUILT_PRODUCTS_DIR; };
		04D9620F1FF43D3D0063D7AF /* first_ar_projectTests.swift */ = {isa = PBXFileReference; lastKnownFileType = sourcecode.swift; path = first_ar_projectTests.swift; sourceTree = "<group>"; };
		04D962111FF43D3D0063D7AF /* Info.plist */ = {isa = PBXFileReference; lastKnownFileType = text.plist.xml; path = Info.plist; sourceTree = "<group>"; };
		04D962161FF43D3E0063D7AF /* first ar projectUITests.xctest */ = {isa = PBXFileReference; explicitFileType = wrapper.cfbundle; includeInIndex = 0; path = "first ar projectUITests.xctest"; sourceTree = BUILT_PRODUCTS_DIR; };
		04D9621A1FF43D3E0063D7AF /* first_ar_projectUITests.swift */ = {isa = PBXFileReference; lastKnownFileType = sourcecode.swift; path = first_ar_projectUITests.swift; sourceTree = "<group>"; };
		04D9621C1FF43D3E0063D7AF /* Info.plist */ = {isa = PBXFileReference; lastKnownFileType = text.plist.xml; path = Info.plist; sourceTree = "<group>"; };
/* End PBXFileReference section */

/* Begin PBXFrameworksBuildPhase section */
		04D961F21FF43D3D0063D7AF /* Frameworks */ = {
			isa = PBXFrameworksBuildPhase;
			buildActionMask = 2147483647;
			files = (
			);
			runOnlyForDeploymentPostprocessing = 0;
		};
		04D962081FF43D3D0063D7AF /* Frameworks */ = {
			isa = PBXFrameworksBuildPhase;
			buildActionMask = 2147483647;
			files = (
			);
			runOnlyForDeploymentPostprocessing = 0;
		};
		04D962131FF43D3E0063D7AF /* Frameworks */ = {
			isa = PBXFrameworksBuildPhase;
			buildActionMask = 2147483647;
			files = (
			);
			runOnlyForDeploymentPostprocessing = 0;
		};
/* End PBXFrameworksBuildPhase section */

/* Begin PBXGroup section */
		04D961EC1FF43D3D0063D7AF = {
			isa = PBXGroup;
			children = (
				04D961F71FF43D3D0063D7AF /* first ar project */,
				04D9620E1FF43D3D0063D7AF /* first ar projectTests */,
				04D962191FF43D3E0063D7AF /* first ar projectUITests */,
				04D961F61FF43D3D0063D7AF /* Products */,
			);
			sourceTree = "<group>";
		};
		04D961F61FF43D3D0063D7AF /* Products */ = {
			isa = PBXGroup;
			children = (
				04D961F51FF43D3D0063D7AF /* first ar project.app */,
				04D9620B1FF43D3D0063D7AF /* first ar projectTests.xctest */,
				04D962161FF43D3E0063D7AF /* first ar projectUITests.xctest */,
			);
			name = Products;
			sourceTree = "<group>";
		};
		04D961F71FF43D3D0063D7AF /* first ar project */ = {
			isa = PBXGroup;
			children = (
				04D961F81FF43D3D0063D7AF /* AppDelegate.swift */,
				04D961FA1FF43D3D0063D7AF /* art.scnassets */,
				04D961FC1FF43D3D0063D7AF /* ViewController.swift */,
				04D961FE1FF43D3D0063D7AF /* Main.storyboard */,
				04D962011FF43D3D0063D7AF /* Assets.xcassets */,
				04D962031FF43D3D0063D7AF /* LaunchScreen.storyboard */,
				04D962061FF43D3D0063D7AF /* Info.plist */,
				046C765F2002DD3100BF9F69 /* StartGameViewController.swift */,
			);
			path = "first ar project";
			sourceTree = "<group>";
		};
		04D9620E1FF43D3D0063D7AF /* first ar projectTests */ = {
			isa = PBXGroup;
			children = (
				04D9620F1FF43D3D0063D7AF /* first_ar_projectTests.swift */,
				04D962111FF43D3D0063D7AF /* Info.plist */,
			);
			path = "first ar projectTests";
			sourceTree = "<group>";
		};
		04D962191FF43D3E0063D7AF /* first ar projectUITests */ = {
			isa = PBXGroup;
			children = (
				04D9621A1FF43D3E0063D7AF /* first_ar_projectUITests.swift */,
				04D9621C1FF43D3E0063D7AF /* Info.plist */,
			);
			path = "first ar projectUITests";
			sourceTree = "<group>";
		};
/* End PBXGroup section */

/* Begin PBXNativeTarget section */
		04D961F41FF43D3D0063D7AF /* first ar project */ = {
			isa = PBXNativeTarget;
			buildConfigurationList = 04D9621F1FF43D3E0063D7AF /* Build configuration list for PBXNativeTarget "first ar project" */;
			buildPhases = (
				04D961F11FF43D3D0063D7AF /* Sources */,
				04D961F21FF43D3D0063D7AF /* Frameworks */,
				04D961F31FF43D3D0063D7AF /* Resources */,
			);
			buildRules = (
			);
			dependencies = (
			);
			name = "first ar project";
			productName = "first ar project";
			productReference = 04D961F51FF43D3D0063D7AF /* first ar project.app */;
			productType = "com.apple.product-type.application";
		};
		04D9620A1FF43D3D0063D7AF /* first ar projectTests */ = {
			isa = PBXNativeTarget;
			buildConfigurationList = 04D962221FF43D3E0063D7AF /* Build configuration list for PBXNativeTarget "first ar projectTests" */;
			buildPhases = (
				04D962071FF43D3D0063D7AF /* Sources */,
				04D962081FF43D3D0063D7AF /* Frameworks */,
				04D962091FF43D3D0063D7AF /* Resources */,
			);
			buildRules = (
			);
			dependencies = (
				04D9620D1FF43D3D0063D7AF /* PBXTargetDependency */,
			);
			name = "first ar projectTests";
			productName = "first ar projectTests";
			productReference = 04D9620B1FF43D3D0063D7AF /* first ar projectTests.xctest */;
			productType = "com.apple.product-type.bundle.unit-test";
		};
		04D962151FF43D3E0063D7AF /* first ar projectUITests */ = {
			isa = PBXNativeTarget;
			buildConfigurationList = 04D962251FF43D3E0063D7AF /* Build configuration list for PBXNativeTarget "first ar projectUITests" */;
			buildPhases = (
				04D962121FF43D3E0063D7AF /* Sources */,
				04D962131FF43D3E0063D7AF /* Frameworks */,
				04D962141FF43D3E0063D7AF /* Resources */,
			);
			buildRules = (
			);
			dependencies = (
				04D962181FF43D3E0063D7AF /* PBXTargetDependency */,
			);
			name = "first ar projectUITests";
			productName = "first ar projectUITests";
			productReference = 04D962161FF43D3E0063D7AF /* first ar projectUITests.xctest */;
			productType = "com.apple.product-type.bundle.ui-testing";
		};
/* End PBXNativeTarget section */

/* Begin PBXProject section */
		04D961ED1FF43D3D0063D7AF /* Project object */ = {
			isa = PBXProject;
			attributes = {
				LastSwiftUpdateCheck = 0920;
				LastUpgradeCheck = 0920;
				ORGANIZATIONNAME = "Nicholas Dixon";
				TargetAttributes = {
					04D961F41FF43D3D0063D7AF = {
						CreatedOnToolsVersion = 9.2;
						ProvisioningStyle = Automatic;
					};
					04D9620A1FF43D3D0063D7AF = {
						CreatedOnToolsVersion = 9.2;
						ProvisioningStyle = Automatic;
						TestTargetID = 04D961F41FF43D3D0063D7AF;
					};
					04D962151FF43D3E0063D7AF = {
						CreatedOnToolsVersion = 9.2;
						ProvisioningStyle = Automatic;
						TestTargetID = 04D961F41FF43D3D0063D7AF;
					};
				};
			};
			buildConfigurationList = 04D961F01FF43D3D0063D7AF /* Build configuration list for PBXProject "first ar project" */;
			compatibilityVersion = "Xcode 8.0";
			developmentRegion = en;
			hasScannedForEncodings = 0;
			knownRegions = (
				en,
				Base,
			);
			mainGroup = 04D961EC1FF43D3D0063D7AF;
			productRefGroup = 04D961F61FF43D3D0063D7AF /* Products */;
			projectDirPath = "";
			projectRoot = "";
			targets = (
				04D961F41FF43D3D0063D7AF /* first ar project */,
				04D9620A1FF43D3D0063D7AF /* first ar projectTests */,
				04D962151FF43D3E0063D7AF /* first ar projectUITests */,
			);
		};
/* End PBXProject section */

/* Begin PBXResourcesBuildPhase section */
		04D961F31FF43D3D0063D7AF /* Resources */ = {
			isa = PBXResourcesBuildPhase;
			buildActionMask = 2147483647;
			files = (
				04D961FB1FF43D3D0063D7AF /* art.scnassets in Resources */,
				04D962051FF43D3D0063D7AF /* LaunchScreen.storyboard in Resources */,
				04D962021FF43D3D0063D7AF /* Assets.xcassets in Resources */,
				04D962001FF43D3D0063D7AF /* Main.storyboard in Resources */,
			);
			runOnlyForDeploymentPostprocessing = 0;
		};
		04D962091FF43D3D0063D7AF /* Resources */ = {
			isa = PBXResourcesBuildPhase;
			buildActionMask = 2147483647;
			files = (
			);
			runOnlyForDeploymentPostprocessing = 0;
		};
		04D962141FF43D3E0063D7AF /* Resources */ = {
			isa = PBXResourcesBuildPhase;
			buildActionMask = 2147483647;
			files = (
			);
			runOnlyForDeploymentPostprocessing = 0;
		};
/* End PBXResourcesBuildPhase section */

/* Begin PBXSourcesBuildPhase section */
		04D961F11FF43D3D0063D7AF /* Sources */ = {
			isa = PBXSourcesBuildPhase;
			buildActionMask = 2147483647;
			files = (
				04D961FD1FF43D3D0063D7AF /* ViewController.swift in Sources */,
				04D961F91FF43D3D0063D7AF /* AppDelegate.swift in Sources */,
				046C76602002DD3100BF9F69 /* StartGameViewController.swift in Sources */,
			);
			runOnlyForDeploymentPostprocessing = 0;
		};
		04D962071FF43D3D0063D7AF /* Sources */ = {
			isa = PBXSourcesBuildPhase;
			buildActionMask = 2147483647;
			files = (
				04D962101FF43D3D0063D7AF /* first_ar_projectTests.swift in Sources */,
			);
			runOnlyForDeploymentPostprocessing = 0;
		};
		04D962121FF43D3E0063D7AF /* Sources */ = {
			isa = PBXSourcesBuildPhase;
			buildActionMask = 2147483647;
			files = (
				04D9621B1FF43D3E0063D7AF /* first_ar_projectUITests.swift in Sources */,
			);
			runOnlyForDeploymentPostprocessing = 0;
		};
/* End PBXSourcesBuildPhase section */

/* Begin PBXTargetDependency section */
		04D9620D1FF43D3D0063D7AF /* PBXTargetDependency */ = {
			isa = PBXTargetDependency;
			target = 04D961F41FF43D3D0063D7AF /* first ar project */;
			targetProxy = 04D9620C1FF43D3D0063D7AF /* PBXContainerItemProxy */;
		};
		04D962181FF43D3E0063D7AF /* PBXTargetDependency */ = {
			isa = PBXTargetDependency;
			target = 04D961F41FF43D3D0063D7AF /* first ar project */;
			targetProxy = 04D962171FF43D3E0063D7AF /* PBXContainerItemProxy */;
		};
/* End PBXTargetDependency section */

/* Begin PBXVariantGroup section */
		04D961FE1FF43D3D0063D7AF /* Main.storyboard */ = {
			isa = PBXVariantGroup;
			children = (
				04D961FF1FF43D3D0063D7AF /* Base */,
			);
			name = Main.storyboard;
			sourceTree = "<group>";
		};
		04D962031FF43D3D0063D7AF /* LaunchScreen.storyboard */ = {
			isa = PBXVariantGroup;
			children = (
				04D962041FF43D3D0063D7AF /* Base */,
			);
			name = LaunchScreen.storyboard;
			sourceTree = "<group>";
		};
/* End PBXVariantGroup section */

/* Begin XCBuildConfiguration section */
		04D9621D1FF43D3E0063D7AF /* Debug */ = {
			isa = XCBuildConfiguration;
			buildSettings = {
				ALWAYS_SEARCH_USER_PATHS = NO;
				CLANG_ANALYZER_NONNULL = YES;
				CLANG_ANALYZER_NUMBER_OBJECT_CONVERSION = YES_AGGRESSIVE;
				CLANG_CXX_LANGUAGE_STANDARD = "gnu++14";
				CLANG_CXX_LIBRARY = "libc++";
				CLANG_ENABLE_MODULES = YES;
				CLANG_ENABLE_OBJC_ARC = YES;
				CLANG_WARN_BLOCK_CAPTURE_AUTORELEASING = YES;
				CLANG_WARN_BOOL_CONVERSION = YES;
				CLANG_WARN_COMMA = YES;
				CLANG_WARN_CONSTANT_CONVERSION = YES;
				CLANG_WARN_DIRECT_OBJC_ISA_USAGE = YES_ERROR;
				CLANG_WARN_DOCUMENTATION_COMMENTS = YES;
				CLANG_WARN_EMPTY_BODY = YES;
				CLANG_WARN_ENUM_CONVERSION = YES;
				CLANG_WARN_INFINITE_RECURSION = YES;
				CLANG_WARN_INT_CONVERSION = YES;
				CLANG_WARN_NON_LITERAL_NULL_CONVERSION = YES;
				CLANG_WARN_OBJC_LITERAL_CONVERSION = YES;
				CLANG_WARN_OBJC_ROOT_CLASS = YES_ERROR;
				CLANG_WARN_RANGE_LOOP_ANALYSIS = YES;
				CLANG_WARN_STRICT_PROTOTYPES = YES;
				CLANG_WARN_SUSPICIOUS_MOVE = YES;
				CLANG_WARN_UNGUARDED_AVAILABILITY = YES_AGGRESSIVE;
				CLANG_WARN_UNREACHABLE_CODE = YES;
				CLANG_WARN__DUPLICATE_METHOD_MATCH = YES;
				CODE_SIGN_IDENTITY = "iPhone Developer";
				COPY_PHASE_STRIP = NO;
				DEBUG_INFORMATION_FORMAT = dwarf;
				ENABLE_STRICT_OBJC_MSGSEND = YES;
				ENABLE_TESTABILITY = YES;
				GCC_C_LANGUAGE_STANDARD = gnu11;
				GCC_DYNAMIC_NO_PIC = NO;
				GCC_NO_COMMON_BLOCKS = YES;
				GCC_OPTIMIZATION_LEVEL = 0;
				GCC_PREPROCESSOR_DEFINITIONS = (
					"DEBUG=1",
					"$(inherited)",
				);
				GCC_WARN_64_TO_32_BIT_CONVERSION = YES;
				GCC_WARN_ABOUT_RETURN_TYPE = YES_ERROR;
				GCC_WARN_UNDECLARED_SELECTOR = YES;
				GCC_WARN_UNINITIALIZED_AUTOS = YES_AGGRESSIVE;
				GCC_WARN_UNUSED_FUNCTION = YES;
				GCC_WARN_UNUSED_VARIABLE = YES;
				IPHONEOS_DEPLOYMENT_TARGET = 11.2;
				MTL_ENABLE_DEBUG_INFO = YES;
				ONLY_ACTIVE_ARCH = YES;
				SDKROOT = iphoneos;
				SWIFT_ACTIVE_COMPILATION_CONDITIONS = DEBUG;
				SWIFT_OPTIMIZATION_LEVEL = "-Onone";
			};
			name = Debug;
		};
		04D9621E1FF43D3E0063D7AF /* Release */ = {
			isa = XCBuildConfiguration;
			buildSettings = {
				ALWAYS_SEARCH_USER_PATHS = NO;
				CLANG_ANALYZER_NONNULL = YES;
				CLANG_ANALYZER_NUMBER_OBJECT_CONVERSION = YES_AGGRESSIVE;
				CLANG_CXX_LANGUAGE_STANDARD = "gnu++14";
				CLANG_CXX_LIBRARY = "libc++";
				CLANG_ENABLE_MODULES = YES;
				CLANG_ENABLE_OBJC_ARC = YES;
				CLANG_WARN_BLOCK_CAPTURE_AUTORELEASING = YES;
				CLANG_WARN_BOOL_CONVERSION = YES;
				CLANG_WARN_COMMA = YES;
				CLANG_WARN_CONSTANT_CONVERSION = YES;
				CLANG_WARN_DIRECT_OBJC_ISA_USAGE = YES_ERROR;
				CLANG_WARN_DOCUMENTATION_COMMENTS = YES;
				CLANG_WARN_EMPTY_BODY = YES;
				CLANG_WARN_ENUM_CONVERSION = YES;
				CLANG_WARN_INFINITE_RECURSION = YES;
				CLANG_WARN_INT_CONVERSION = YES;
				CLANG_WARN_NON_LITERAL_NULL_CONVERSION = YES;
				CLANG_WARN_OBJC_LITERAL_CONVERSION = YES;
				CLANG_WARN_OBJC_ROOT_CLASS = YES_ERROR;
				CLANG_WARN_RANGE_LOOP_ANALYSIS = YES;
				CLANG_WARN_STRICT_PROTOTYPES = YES;
				CLANG_WARN_SUSPICIOUS_MOVE = YES;
				CLANG_WARN_UNGUARDED_AVAILABILITY = YES_AGGRESSIVE;
				CLANG_WARN_UNREACHABLE_CODE = YES;
				CLANG_WARN__DUPLICATE_METHOD_MATCH = YES;
				CODE_SIGN_IDENTITY = "iPhone Developer";
				COPY_PHASE_STRIP = NO;
				DEBUG_INFORMATION_FORMAT = "dwarf-with-dsym";
				ENABLE_NS_ASSERTIONS = NO;
				ENABLE_STRICT_OBJC_MSGSEND = YES;
				GCC_C_LANGUAGE_STANDARD = gnu11;
				GCC_NO_COMMON_BLOCKS = YES;
				GCC_WARN_64_TO_32_BIT_CONVERSION = YES;
				GCC_WARN_ABOUT_RETURN_TYPE = YES_ERROR;
				GCC_WARN_UNDECLARED_SELECTOR = YES;
				GCC_WARN_UNINITIALIZED_AUTOS = YES_AGGRESSIVE;
				GCC_WARN_UNUSED_FUNCTION = YES;
				GCC_WARN_UNUSED_VARIABLE = YES;
				IPHONEOS_DEPLOYMENT_TARGET = 11.2;
				MTL_ENABLE_DEBUG_INFO = NO;
				SDKROOT = iphoneos;
				SWIFT_OPTIMIZATION_LEVEL = "-Owholemodule";
				VALIDATE_PRODUCT = YES;
			};
			name = Release;
		};
		04D962201FF43D3E0063D7AF /* Debug */ = {
			isa = XCBuildConfiguration;
			buildSettings = {
				ASSETCATALOG_COMPILER_APPICON_NAME = AppIcon;
				CODE_SIGN_STYLE = Automatic;
				DEVELOPMENT_TEAM = KHTY3E6HX2;
				INFOPLIST_FILE = "first ar project/Info.plist";
				LD_RUNPATH_SEARCH_PATHS = "$(inherited) @executable_path/Frameworks";
				PRODUCT_BUNDLE_IDENTIFIER = "inVeNT.first-ar-project";
				PRODUCT_NAME = "$(TARGET_NAME)";
				SWIFT_VERSION = 4.0;
				TARGETED_DEVICE_FAMILY = "1,2";
			};
			name = Debug;
		};
		04D962211FF43D3E0063D7AF /* Release */ = {
			isa = XCBuildConfiguration;
			buildSettings = {
				ASSETCATALOG_COMPILER_APPICON_NAME = AppIcon;
				CODE_SIGN_STYLE = Automatic;
				DEVELOPMENT_TEAM = KHTY3E6HX2;
				INFOPLIST_FILE = "first ar project/Info.plist";
				LD_RUNPATH_SEARCH_PATHS = "$(inherited) @executable_path/Frameworks";
				PRODUCT_BUNDLE_IDENTIFIER = "inVeNT.first-ar-project";
				PRODUCT_NAME = "$(TARGET_NAME)";
				SWIFT_VERSION = 4.0;
				TARGETED_DEVICE_FAMILY = "1,2";
			};
			name = Release;
		};
		04D962231FF43D3E0063D7AF /* Debug */ = {
			isa = XCBuildConfiguration;
			buildSettings = {
				ALWAYS_EMBED_SWIFT_STANDARD_LIBRARIES = YES;
				BUNDLE_LOADER = "$(TEST_HOST)";
				CODE_SIGN_STYLE = Automatic;
				INFOPLIST_FILE = "first ar projectTests/Info.plist";
				LD_RUNPATH_SEARCH_PATHS = "$(inherited) @executable_path/Frameworks @loader_path/Frameworks";
				PRODUCT_BUNDLE_IDENTIFIER = "inVeNT.first-ar-projectTests";
				PRODUCT_NAME = "$(TARGET_NAME)";
				SWIFT_VERSION = 4.0;
				TARGETED_DEVICE_FAMILY = "1,2";
				TEST_HOST = "$(BUILT_PRODUCTS_DIR)/first ar project.app/first ar project";
			};
			name = Debug;
		};
		04D962241FF43D3E0063D7AF /* Release */ = {
			isa = XCBuildConfiguration;
			buildSettings = {
				ALWAYS_EMBED_SWIFT_STANDARD_LIBRARIES = YES;
				BUNDLE_LOADER = "$(TEST_HOST)";
				CODE_SIGN_STYLE = Automatic;
				INFOPLIST_FILE = "first ar projectTests/Info.plist";
				LD_RUNPATH_SEARCH_PATHS = "$(inherited) @executable_path/Frameworks @loader_path/Frameworks";
				PRODUCT_BUNDLE_IDENTIFIER = "inVeNT.first-ar-projectTests";
				PRODUCT_NAME = "$(TARGET_NAME)";
				SWIFT_VERSION = 4.0;
				TARGETED_DEVICE_FAMILY = "1,2";
				TEST_HOST = "$(BUILT_PRODUCTS_DIR)/first ar project.app/first ar project";
			};
			name = Release;
		};
		04D962261FF43D3E0063D7AF /* Debug */ = {
			isa = XCBuildConfiguration;
			buildSettings = {
				ALWAYS_EMBED_SWIFT_STANDARD_LIBRARIES = YES;
				CODE_SIGN_STYLE = Automatic;
				INFOPLIST_FILE = "first ar projectUITests/Info.plist";
				LD_RUNPATH_SEARCH_PATHS = "$(inherited) @executable_path/Frameworks @loader_path/Frameworks";
				PRODUCT_BUNDLE_IDENTIFIER = "inVeNT.first-ar-projectUITests";
				PRODUCT_NAME = "$(TARGET_NAME)";
				SWIFT_VERSION = 4.0;
				TARGETED_DEVICE_FAMILY = "1,2";
				TEST_TARGET_NAME = "first ar project";
			};
			name = Debug;
		};
		04D962271FF43D3E0063D7AF /* Release */ = {
			isa = XCBuildConfiguration;
			buildSettings = {
				ALWAYS_EMBED_SWIFT_STANDARD_LIBRARIES = YES;
				CODE_SIGN_STYLE = Automatic;
				INFOPLIST_FILE = "first ar projectUITests/Info.plist";
				LD_RUNPATH_SEARCH_PATHS = "$(inherited) @executable_path/Frameworks @loader_path/Frameworks";
				PRODUCT_BUNDLE_IDENTIFIER = "inVeNT.first-ar-projectUITests";
				PRODUCT_NAME = "$(TARGET_NAME)";
				SWIFT_VERSION = 4.0;
				TARGETED_DEVICE_FAMILY = "1,2";
				TEST_TARGET_NAME = "first ar project";
			};
			name = Release;
		};
/* End XCBuildConfiguration section */

/* Begin XCConfigurationList section */
		04D961F01FF43D3D0063D7AF /* Build configuration list for PBXProject "first ar project" */ = {
			isa = XCConfigurationList;
			buildConfigurations = (
				04D9621D1FF43D3E0063D7AF /* Debug */,
				04D9621E1FF43D3E0063D7AF /* Release */,
			);
			defaultConfigurationIsVisible = 0;
			defaultConfigurationName = Release;
		};
		04D9621F1FF43D3E0063D7AF /* Build configuration list for PBXNativeTarget "first ar project" */ = {
			isa = XCConfigurationList;
			buildConfigurations = (
				04D962201FF43D3E0063D7AF /* Debug */,
				04D962211FF43D3E0063D7AF /* Release */,
			);
			defaultConfigurationIsVisible = 0;
			defaultConfigurationName = Release;
		};
		04D962221FF43D3E0063D7AF /* Build configuration list for PBXNativeTarget "first ar projectTests" */ = {
			isa = XCConfigurationList;
			buildConfigurations = (
				04D962231FF43D3E0063D7AF /* Debug */,
				04D962241FF43D3E0063D7AF /* Release */,
			);
			defaultConfigurationIsVisible = 0;
			defaultConfigurationName = Release;
		};
		04D962251FF43D3E0063D7AF /* Build configuration list for PBXNativeTarget "first ar projectUITests" */ = {
			isa = XCConfigurationList;
			buildConfigurations = (
				04D962261FF43D3E0063D7AF /* Debug */,
				04D962271FF43D3E0063D7AF /* Release */,
			);
			defaultConfigurationIsVisible = 0;
			defaultConfigurationName = Release;
		};
/* End XCConfigurationList section */
	};
	rootObject = 04D961ED1FF43D3D0063D7AF /* Project object */;
}
